// !$*UTF8*$!
{
	archiveVersion = 1;
	classes = {
	};
	objectVersion = 50;
	objects = {

/* Begin PBXBuildFile section */
		7C05730026D5FFFB00BCE426 /* AppDelegate.swift in Sources */ = {isa = PBXBuildFile; fileRef = 7C0572FF26D5FFFB00BCE426 /* AppDelegate.swift */; };
		7C05730226D5FFFB00BCE426 /* SceneDelegate.swift in Sources */ = {isa = PBXBuildFile; fileRef = 7C05730126D5FFFB00BCE426 /* SceneDelegate.swift */; };
		7C05730426D5FFFB00BCE426 /* ViewController.swift in Sources */ = {isa = PBXBuildFile; fileRef = 7C05730326D5FFFB00BCE426 /* ViewController.swift */; };
		7C05730726D5FFFB00BCE426 /* Main.storyboard in Resources */ = {isa = PBXBuildFile; fileRef = 7C05730526D5FFFB00BCE426 /* Main.storyboard */; };
		7C05730926D6000400BCE426 /* Assets.xcassets in Resources */ = {isa = PBXBuildFile; fileRef = 7C05730826D6000400BCE426 /* Assets.xcassets */; };
		7C05730C26D6000400BCE426 /* LaunchScreen.storyboard in Resources */ = {isa = PBXBuildFile; fileRef = 7C05730A26D6000400BCE426 /* LaunchScreen.storyboard */; };
		7C05731526D6005200BCE426 /* CSButton.swift in Sources */ = {isa = PBXBuildFile; fileRef = 7C05731426D6005200BCE426 /* CSButton.swift */; };
/* End PBXBuildFile section */

/* Begin PBXFileReference section */
		7C0572FC26D5FFFB00BCE426 /* Chapter03-CSButton.app */ = {isa = PBXFileReference; explicitFileType = wrapper.application; includeInIndex = 0; path = "Chapter03-CSButton.app"; sourceTree = BUILT_PRODUCTS_DIR; };
		7C0572FF26D5FFFB00BCE426 /* AppDelegate.swift */ = {isa = PBXFileReference; lastKnownFileType = sourcecode.swift; path = AppDelegate.swift; sourceTree = "<group>"; };
		7C05730126D5FFFB00BCE426 /* SceneDelegate.swift */ = {isa = PBXFileReference; lastKnownFileType = sourcecode.swift; path = SceneDelegate.swift; sourceTree = "<group>"; };
		7C05730326D5FFFB00BCE426 /* ViewController.swift */ = {isa = PBXFileReference; lastKnownFileType = sourcecode.swift; path = ViewController.swift; sourceTree = "<group>"; };
		7C05730626D5FFFB00BCE426 /* Base */ = {isa = PBXFileReference; lastKnownFileType = file.storyboard; name = Base; path = Base.lproj/Main.storyboard; sourceTree = "<group>"; };
		7C05730826D6000400BCE426 /* Assets.xcassets */ = {isa = PBXFileReference; lastKnownFileType = folder.assetcatalog; path = Assets.xcassets; sourceTree = "<group>"; };
		7C05730B26D6000400BCE426 /* Base */ = {isa = PBXFileReference; lastKnownFileType = file.storyboard; name = Base; path = Base.lproj/LaunchScreen.storyboard; sourceTree = "<group>"; };
		7C05730D26D6000400BCE426 /* Info.plist */ = {isa = PBXFileReference; lastKnownFileType = text.plist.xml; path = Info.plist; sourceTree = "<group>"; };
		7C05731426D6005200BCE426 /* CSButton.swift */ = {isa = PBXFileReference; lastKnownFileType = sourcecode.swift; path = CSButton.swift; sourceTree = "<group>"; };
/* End PBXFileReference section */

/* Begin PBXFrameworksBuildPhase section */
		7C0572F926D5FFFB00BCE426 /* Frameworks */ = {
			isa = PBXFrameworksBuildPhase;
			buildActionMask = 2147483647;
			files = (
			);
			runOnlyForDeploymentPostprocessing = 0;
		};
/* End PBXFrameworksBuildPhase section */

/* Begin PBXGroup section */
		7C0572F326D5FFFB00BCE426 = {
			isa = PBXGroup;
			children = (
				7C0572FE26D5FFFB00BCE426 /* Chapter03-CSButton */,
				7C0572FD26D5FFFB00BCE426 /* Products */,
			);
			sourceTree = "<group>";
		};
		7C0572FD26D5FFFB00BCE426 /* Products */ = {
			isa = PBXGroup;
			children = (
				7C0572FC26D5FFFB00BCE426 /* Chapter03-CSButton.app */,
			);
			name = Products;
			sourceTree = "<group>";
		};
		7C0572FE26D5FFFB00BCE426 /* Chapter03-CSButton */ = {
			isa = PBXGroup;
			children = (
				7C0572FF26D5FFFB00BCE426 /* AppDelegate.swift */,
				7C05730126D5FFFB00BCE426 /* SceneDelegate.swift */,
				7C05730326D5FFFB00BCE426 /* ViewController.swift */,
				7C05730526D5FFFB00BCE426 /* Main.storyboard */,
				7C05730826D6000400BCE426 /* Assets.xcassets */,
				7C05730A26D6000400BCE426 /* LaunchScreen.storyboard */,
				7C05730D26D6000400BCE426 /* Info.plist */,
				7C05731426D6005200BCE426 /* CSButton.swift */,
			);
			path = "Chapter03-CSButton";
			sourceTree = "<group>";
		};
/* End PBXGroup section */

/* Begin PBXNativeTarget section */
		7C0572FB26D5FFFB00BCE426 /* Chapter03-CSButton */ = {
			isa = PBXNativeTarget;
			buildConfigurationList = 7C05731026D6000400BCE426 /* Build configuration list for PBXNativeTarget "Chapter03-CSButton" */;
			buildPhases = (
				7C0572F826D5FFFB00BCE426 /* Sources */,
				7C0572F926D5FFFB00BCE426 /* Frameworks */,
				7C0572FA26D5FFFB00BCE426 /* Resources */,
			);
			buildRules = (
			);
			dependencies = (
			);
			name = "Chapter03-CSButton";
			productName = "Chapter03-CSButton";
			productReference = 7C0572FC26D5FFFB00BCE426 /* Chapter03-CSButton.app */;
			productType = "com.apple.product-type.application";
		};
/* End PBXNativeTarget section */

/* Begin PBXProject section */
		7C0572F426D5FFFB00BCE426 /* Project object */ = {
			isa = PBXProject;
			attributes = {
				LastSwiftUpdateCheck = 1240;
				LastUpgradeCheck = 1240;
				TargetAttributes = {
					7C0572FB26D5FFFB00BCE426 = {
						CreatedOnToolsVersion = 12.4;
					};
				};
			};
			buildConfigurationList = 7C0572F726D5FFFB00BCE426 /* Build configuration list for PBXProject "Chapter03-CSButton" */;
			compatibilityVersion = "Xcode 9.3";
			developmentRegion = en;
			hasScannedForEncodings = 0;
			knownRegions = (
				en,
				Base,
			);
			mainGroup = 7C0572F326D5FFFB00BCE426;
			productRefGroup = 7C0572FD26D5FFFB00BCE426 /* Products */;
			projectDirPath = "";
			projectRoot = "";
			targets = (
				7C0572FB26D5FFFB00BCE426 /* Chapter03-CSButton */,
			);
		};
/* End PBXProject section */

/* Begin PBXResourcesBuildPhase section */
		7C0572FA26D5FFFB00BCE426 /* Resources */ = {
			isa = PBXResourcesBuildPhase;
			buildActionMask = 2147483647;
			files = (
				7C05730C26D6000400BCE426 /* LaunchScreen.storyboard in Resources */,
				7C05730926D6000400BCE426 /* Assets.xcassets in Resources */,
				7C05730726D5FFFB00BCE426 /* Main.storyboard in Resources */,
			);
			runOnlyForDeploymentPostprocessing = 0;
		};
/* End PBXResourcesBuildPhase section */

/* Begin PBXSourcesBuildPhase section */
		7C0572F826D5FFFB00BCE426 /* Sources */ = {
			isa = PBXSourcesBuildPhase;
			buildActionMask = 2147483647;
			files = (
				7C05730426D5FFFB00BCE426 /* ViewController.swift in Sources */,
				7C05730026D5FFFB00BCE426 /* AppDelegate.swift in Sources */,
				7C05730226D5FFFB00BCE426 /* SceneDelegate.swift in Sources */,
				7C05731526D6005200BCE426 /* CSButton.swift in Sources */,
			);
			runOnlyForDeploymentPostprocessing = 0;
		};
/* End PBXSourcesBuildPhase section */

/* Begin PBXVariantGroup section */
		7C05730526D5FFFB00BCE426 /* Main.storyboard */ = {
			isa = PBXVariantGroup;
			children = (
				7C05730626D5FFFB00BCE426 /* Base */,
			);
			name = Main.storyboard;
			sourceTree = "<group>";
		};
		7C05730A26D6000400BCE426 /* LaunchScreen.storyboard */ = {
			isa = PBXVariantGroup;
			children = (
				7C05730B26D6000400BCE426 /* Base */,
			);
			name = LaunchScreen.storyboard;
			sourceTree = "<group>";
		};
/* End PBXVariantGroup section */

/* Begin XCBuildConfiguration section */
		7C05730E26D6000400BCE426 /* Debug */ = {
			isa = XCBuildConfiguration;
			buildSettings = {
				ALWAYS_SEARCH_USER_PATHS = NO;
				CLANG_ANALYZER_NONNULL = YES;
				CLANG_ANALYZER_NUMBER_OBJECT_CONVERSION = YES_AGGRESSIVE;
				CLANG_CXX_LANGUAGE_STANDARD = "gnu++14";
				CLANG_CXX_LIBRARY = "libc++";
				CLANG_ENABLE_MODULES = YES;
				CLANG_ENABLE_OBJC_ARC = YES;
				CLANG_ENABLE_OBJC_WEAK = YES;
				CLANG_WARN_BLOCK_CAPTURE_AUTORELEASING = YES;
				CLANG_WARN_BOOL_CONVERSION = YES;
				CLANG_WARN_COMMA = YES;
				CLANG_WARN_CONSTANT_CONVERSION = YES;
				CLANG_WARN_DEPRECATED_OBJC_IMPLEMENTATIONS = YES;
				CLANG_WARN_DIRECT_OBJC_ISA_USAGE = YES_ERROR;
				CLANG_WARN_DOCUMENTATION_COMMENTS = YES;
				CLANG_WARN_EMPTY_BODY = YES;
				CLANG_WARN_ENUM_CONVERSION = YES;
				CLANG_WARN_INFINITE_RECURSION = YES;
				CLANG_WARN_INT_CONVERSION = YES;
				CLANG_WARN_NON_LITERAL_NULL_CONVERSION = YES;
				CLANG_WARN_OBJC_IMPLICIT_RETAIN_SELF = YES;
				CLANG_WARN_OBJC_LITERAL_CONVERSION = YES;
				CLANG_WARN_OBJC_ROOT_CLASS = YES_ERROR;
				CLANG_WARN_QUOTED_INCLUDE_IN_FRAMEWORK_HEADER = YES;
				CLANG_WARN_RANGE_LOOP_ANALYSIS = YES;
				CLANG_WARN_STRICT_PROTOTYPES = YES;
				CLANG_WARN_SUSPICIOUS_MOVE = YES;
				CLANG_WARN_UNGUARDED_AVAILABILITY = YES_AGGRESSIVE;
				CLANG_WARN_UNREACHABLE_CODE = YES;
				CLANG_WARN__DUPLICATE_METHOD_MATCH = YES;
				COPY_PHASE_STRIP = NO;
				DEBUG_INFORMATION_FORMAT = dwarf;
				ENABLE_STRICT_OBJC_MSGSEND = YES;
				ENABLE_TESTABILITY = YES;
				GCC_C_LANGUAGE_STANDARD = gnu11;
				GCC_DYNAMIC_NO_PIC = NO;
				GCC_NO_COMMON_BLOCKS = YES;
				GCC_OPTIMIZATION_LEVEL = 0;
				GCC_PREPROCESSOR_DEFINITIONS = (
					"DEBUG=1",
					"$(inherited)",
				);
				GCC_WARN_64_TO_32_BIT_CONVERSION = YES;
				GCC_WARN_ABOUT_RETURN_TYPE = YES_ERROR;
				GCC_WARN_UNDECLARED_SELECTOR = YES;
				GCC_WARN_UNINITIALIZED_AUTOS = YES_AGGRESSIVE;
				GCC_WARN_UNUSED_FUNCTION = YES;
				GCC_WARN_UNUSED_VARIABLE = YES;
				IPHONEOS_DEPLOYMENT_TARGET = 14.4;
				MTL_ENABLE_DEBUG_INFO = INCLUDE_SOURCE;
				MTL_FAST_MATH = YES;
				ONLY_ACTIVE_ARCH = YES;
				SDKROOT = iphoneos;
				SWIFT_ACTIVE_COMPILATION_CONDITIONS = DEBUG;
				SWIFT_OPTIMIZATION_LEVEL = "-Onone";
			};
			name = Debug;
		};
		7C05730F26D6000400BCE426 /* Release */ = {
			isa = XCBuildConfiguration;
			buildSettings = {
				ALWAYS_SEARCH_USER_PATHS = NO;
				CLANG_ANALYZER_NONNULL = YES;
				CLANG_ANALYZER_NUMBER_OBJECT_CONVERSION = YES_AGGRESSIVE;
				CLANG_CXX_LANGUAGE_STANDARD = "gnu++14";
				CLANG_CXX_LIBRARY = "libc++";
				CLANG_ENABLE_MODULES = YES;
				CLANG_ENABLE_OBJC_ARC = YES;
				CLANG_ENABLE_OBJC_WEAK = YES;
				CLANG_WARN_BLOCK_CAPTURE_AUTORELEASING = YES;
				CLANG_WARN_BOOL_CONVERSION = YES;
				CLANG_WARN_COMMA = YES;
				CLANG_WARN_CONSTANT_CONVERSION = YES;
				CLANG_WARN_DEPRECATED_OBJC_IMPLEMENTATIONS = YES;
				CLANG_WARN_DIRECT_OBJC_ISA_USAGE = YES_ERROR;
				CLANG_WARN_DOCUMENTATION_COMMENTS = YES;
				CLANG_WARN_EMPTY_BODY = YES;
				CLANG_WARN_ENUM_CONVERSION = YES;
				CLANG_WARN_INFINITE_RECURSION = YES;
				CLANG_WARN_INT_CONVERSION = YES;
				CLANG_WARN_NON_LITERAL_NULL_CONVERSION = YES;
				CLANG_WARN_OBJC_IMPLICIT_RETAIN_SELF = YES;
				CLANG_WARN_OBJC_LITERAL_CONVERSION = YES;
				CLANG_WARN_OBJC_ROOT_CLASS = YES_ERROR;
				CLANG_WARN_QUOTED_INCLUDE_IN_FRAMEWORK_HEADER = YES;
				CLANG_WARN_RANGE_LOOP_ANALYSIS = YES;
				CLANG_WARN_STRICT_PROTOTYPES = YES;
				CLANG_WARN_SUSPICIOUS_MOVE = YES;
				CLANG_WARN_UNGUARDED_AVAILABILITY = YES_AGGRESSIVE;
				CLANG_WARN_UNREACHABLE_CODE = YES;
				CLANG_WARN__DUPLICATE_METHOD_MATCH = YES;
				COPY_PHASE_STRIP = NO;
				DEBUG_INFORMATION_FORMAT = "dwarf-with-dsym";
				ENABLE_NS_ASSERTIONS = NO;
				ENABLE_STRICT_OBJC_MSGSEND = YES;
				GCC_C_LANGUAGE_STANDARD = gnu11;
				GCC_NO_COMMON_BLOCKS = YES;
				GCC_WARN_64_TO_32_BIT_CONVERSION = YES;
				GCC_WARN_ABOUT_RETURN_TYPE = YES_ERROR;
				GCC_WARN_UNDECLARED_SELECTOR = YES;
				GCC_WARN_UNINITIALIZED_AUTOS = YES_AGGRESSIVE;
				GCC_WARN_UNUSED_FUNCTION = YES;
				GCC_WARN_UNUSED_VARIABLE = YES;
				IPHONEOS_DEPLOYMENT_TARGET = 14.4;
				MTL_ENABLE_DEBUG_INFO = NO;
				MTL_FAST_MATH = YES;
				SDKROOT = iphoneos;
				SWIFT_COMPILATION_MODE = wholemodule;
				SWIFT_OPTIMIZATION_LEVEL = "-O";
				VALIDATE_PRODUCT = YES;
			};
			name = Release;
		};
		7C05731126D6000400BCE426 /* Debug */ = {
			isa = XCBuildConfiguration;
			buildSettings = {
				ASSETCATALOG_COMPILER_APPICON_NAME = AppIcon;
				ASSETCATALOG_COMPILER_GLOBAL_ACCENT_COLOR_NAME = AccentColor;
				CODE_SIGN_STYLE = Automatic;
				DEVELOPMENT_TEAM = 2552B8T4LD;
				INFOPLIST_FILE = "Chapter03-CSButton/Info.plist";
				LD_RUNPATH_SEARCH_PATHS = (
					"$(inherited)",
					"@executable_path/Frameworks",
				);
				PRODUCT_BUNDLE_IDENTIFIER = "com.liam.iOSstudy.Chapter03-CSButton";
				PRODUCT_NAME = "$(TARGET_NAME)";
				SWIFT_VERSION = 5.0;
				TARGETED_DEVICE_FAMILY = "1,2";
			};
			name = Debug;
		};
		7C05731226D6000400BCE426 /* Release */ = {
			isa = XCBuildConfiguration;
			buildSettings = {
				ASSETCATALOG_COMPILER_APPICON_NAME = AppIcon;
				ASSETCATALOG_COMPILER_GLOBAL_ACCENT_COLOR_NAME = AccentColor;
				CODE_SIGN_STYLE = Automatic;
				DEVELOPMENT_TEAM = 2552B8T4LD;
				INFOPLIST_FILE = "Chapter03-CSButton/Info.plist";
				LD_RUNPATH_SEARCH_PATHS = (
					"$(inherited)",
					"@executable_path/Frameworks",
				);
				PRODUCT_BUNDLE_IDENTIFIER = "com.liam.iOSstudy.Chapter03-CSButton";
				PRODUCT_NAME = "$(TARGET_NAME)";
				SWIFT_VERSION = 5.0;
				TARGETED_DEVICE_FAMILY = "1,2";
			};
			name = Release;
		};
/* End XCBuildConfiguration section */

/* Begin XCConfigurationList section */
		7C0572F726D5FFFB00BCE426 /* Build configuration list for PBXProject "Chapter03-CSButton" */ = {
			isa = XCConfigurationList;
			buildConfigurations = (
				7C05730E26D6000400BCE426 /* Debug */,
				7C05730F26D6000400BCE426 /* Release */,
			);
			defaultConfigurationIsVisible = 0;
			defaultConfigurationName = Release;
		};
		7C05731026D6000400BCE426 /* Build configuration list for PBXNativeTarget "Chapter03-CSButton" */ = {
			isa = XCConfigurationList;
			buildConfigurations = (
				7C05731126D6000400BCE426 /* Debug */,
				7C05731226D6000400BCE426 /* Release */,
			);
			defaultConfigurationIsVisible = 0;
			defaultConfigurationName = Release;
		};
/* End XCConfigurationList section */
	};
	rootObject = 7C0572F426D5FFFB00BCE426 /* Project object */;
}
